# This file is generated by running "yarn install" inside your project.
# Manual changes might be lost - proceed with caution!

__metadata:
  version: 8
  cacheKey: 10c0

"@rails/ujs@npm:^7.0.4":
  version: 7.0.4
  resolution: "@rails/ujs@npm:7.0.4"
  checksum: 10c0/21b579e5cf5b9e93da445b9c5e0f3364904e25c674a5662b75899959ccce3be83e693a5646877b4ef31cc899b019aa8fb52c105d1ce569c7e2225f3e3fc89b02
  languageName: node
  linkType: hard

"bulma@npm:^0.9.4":
  version: 0.9.4
  resolution: "bulma@npm:0.9.4"
  checksum: 10c0/ee4db3427f8ba24fa83d112dca87b99ba009ded9b159f72c4c35e04d1d25c636c3275db1268315427226cdd6c27c00e4147d4696b89cf1c4d57945f80dd16331
  languageName: node
  linkType: hard

"root-workspace-0b6124@workspace:.":
  version: 0.0.0-use.local
  resolution: "root-workspace-0b6124@workspace:."
  dependencies:
    "@rails/ujs": "npm:^7.0.4"
    bulma: "npm:^0.9.4"
  languageName: unknown
  linkType: soft
